
Microsoft Visual Studio Solution File, Format Version 12.00
# Visual Studio 15
VisualStudioVersion = 15.0.26730.16
MinimumVisualStudioVersion = 10.0.40219.1
Project("{FAE04EC0-301F-11D3-BF4B-00C04F79EFBC}") = "PaintualUI", "PaintualUI\PaintualUI.csproj", "{06DD5D7B-67A9-4ABE-B2C0-20B9876A670D}"
EndProject
Project("{FAE04EC0-301F-11D3-BF4B-00C04F79EFBC}") = "Engine", "Engine\Engine.csproj", "{EB01D0B5-62DF-4685-ACA5-63526B9304C6}"
EndProject
Project("{54435603-DBB4-11D2-8724-00A0C9A8B90C}") = "PaintualSetup", "PaintualSetup\PaintualSetup.vdproj", "{1B4F1CCA-34AD-4654-A74C-171C3FD6E036}"
EndProject
Project("{FAE04EC0-301F-11D3-BF4B-00C04F79EFBC}") = "Cuisine", "Cuisine\Cuisine.csproj", "{91827FBF-B7E1-4A00-9F06-D6F170855AC6}"
EndProject
Global
	GlobalSection(SolutionConfigurationPlatforms) = preSolution
		Debug|Any CPU = Debug|Any CPU
		Debug|x64 = Debug|x64
		Debug|x86 = Debug|x86
		Release|Any CPU = Release|Any CPU
		Release|x64 = Release|x64
		Release|x86 = Release|x86
	EndGlobalSection
	GlobalSection(ProjectConfigurationPlatforms) = postSolution
		{06DD5D7B-67A9-4ABE-B2C0-20B9876A670D}.Debug|Any CPU.ActiveCfg = Debug|Any CPU
		{06DD5D7B-67A9-4ABE-B2C0-20B9876A670D}.Debug|Any CPU.Build.0 = Debug|Any CPU
		{06DD5D7B-67A9-4ABE-B2C0-20B9876A670D}.Debug|x64.ActiveCfg = Debug|x64
		{06DD5D7B-67A9-4ABE-B2C0-20B9876A670D}.Debug|x64.Build.0 = Debug|x64
		{06DD5D7B-67A9-4ABE-B2C0-20B9876A670D}.Debug|x86.ActiveCfg = Debug|Any CPU
		{06DD5D7B-67A9-4ABE-B2C0-20B9876A670D}.Debug|x86.Build.0 = Debug|Any CPU
		{06DD5D7B-67A9-4ABE-B2C0-20B9876A670D}.Release|Any CPU.ActiveCfg = Release|Any CPU
		{06DD5D7B-67A9-4ABE-B2C0-20B9876A670D}.Release|Any CPU.Build.0 = Release|Any CPU
		{06DD5D7B-67A9-4ABE-B2C0-20B9876A670D}.Release|x64.ActiveCfg = Release|x64
		{06DD5D7B-67A9-4ABE-B2C0-20B9876A670D}.Release|x64.Build.0 = Release|x64
		{06DD5D7B-67A9-4ABE-B2C0-20B9876A670D}.Release|x86.ActiveCfg = Release|Any CPU
		{06DD5D7B-67A9-4ABE-B2C0-20B9876A670D}.Release|x86.Build.0 = Release|Any CPU
		{EB01D0B5-62DF-4685-ACA5-63526B9304C6}.Debug|Any CPU.ActiveCfg = Debug|Any CPU
		{EB01D0B5-62DF-4685-ACA5-63526B9304C6}.Debug|Any CPU.Build.0 = Debug|Any CPU
		{EB01D0B5-62DF-4685-ACA5-63526B9304C6}.Debug|x64.ActiveCfg = Debug|x64
		{EB01D0B5-62DF-4685-ACA5-63526B9304C6}.Debug|x64.Build.0 = Debug|x64
		{EB01D0B5-62DF-4685-ACA5-63526B9304C6}.Debug|x86.ActiveCfg = Debug|Any CPU
		{EB01D0B5-62DF-4685-ACA5-63526B9304C6}.Debug|x86.Build.0 = Debug|Any CPU
		{EB01D0B5-62DF-4685-ACA5-63526B9304C6}.Release|Any CPU.ActiveCfg = Release|Any CPU
		{EB01D0B5-62DF-4685-ACA5-63526B9304C6}.Release|Any CPU.Build.0 = Release|Any CPU
		{EB01D0B5-62DF-4685-ACA5-63526B9304C6}.Release|x64.ActiveCfg = Release|x64
		{EB01D0B5-62DF-4685-ACA5-63526B9304C6}.Release|x64.Build.0 = Release|x64
		{EB01D0B5-62DF-4685-ACA5-63526B9304C6}.Release|x86.ActiveCfg = Release|Any CPU
		{EB01D0B5-62DF-4685-ACA5-63526B9304C6}.Release|x86.Build.0 = Release|Any CPU
		{1B4F1CCA-34AD-4654-A74C-171C3FD6E036}.Debug|Any CPU.ActiveCfg = Debug
		{1B4F1CCA-34AD-4654-A74C-171C3FD6E036}.Debug|x64.ActiveCfg = Debug
		{1B4F1CCA-34AD-4654-A74C-171C3FD6E036}.Debug|x86.ActiveCfg = Debug
		{1B4F1CCA-34AD-4654-A74C-171C3FD6E036}.Debug|x86.Build.0 = Debug
		{1B4F1CCA-34AD-4654-A74C-171C3FD6E036}.Release|Any CPU.ActiveCfg = Release
		{1B4F1CCA-34AD-4654-A74C-171C3FD6E036}.Release|x64.ActiveCfg = Release
		{1B4F1CCA-34AD-4654-A74C-171C3FD6E036}.Release|x86.ActiveCfg = Release
		{1B4F1CCA-34AD-4654-A74C-171C3FD6E036}.Release|x86.Build.0 = Release
		{91827FBF-B7E1-4A00-9F06-D6F170855AC6}.Debug|Any CPU.ActiveCfg = Debug|Any CPU
		{91827FBF-B7E1-4A00-9F06-D6F170855AC6}.Debug|Any CPU.Build.0 = Debug|Any CPU
		{91827FBF-B7E1-4A00-9F06-D6F170855AC6}.Debug|x64.ActiveCfg = Debug|x64
		{91827FBF-B7E1-4A00-9F06-D6F170855AC6}.Debug|x64.Build.0 = Debug|x64
		{91827FBF-B7E1-4A00-9F06-D6F170855AC6}.Debug|x86.ActiveCfg = Debug|Any CPU
		{91827FBF-B7E1-4A00-9F06-D6F170855AC6}.Debug|x86.Build.0 = Debug|Any CPU
		{91827FBF-B7E1-4A00-9F06-D6F170855AC6}.Release|Any CPU.ActiveCfg = Release|Any CPU
		{91827FBF-B7E1-4A00-9F06-D6F170855AC6}.Release|Any CPU.Build.0 = Release|Any CPU
		{91827FBF-B7E1-4A00-9F06-D6F170855AC6}.Release|x64.ActiveCfg = Release|x64
		{91827FBF-B7E1-4A00-9F06-D6F170855AC6}.Release|x64.Build.0 = Release|x64
		{91827FBF-B7E1-4A00-9F06-D6F170855AC6}.Release|x86.ActiveCfg = Release|Any CPU
		{91827FBF-B7E1-4A00-9F06-D6F170855AC6}.Release|x86.Build.0 = Release|Any CPU
	EndGlobalSection
	GlobalSection(SolutionProperties) = preSolution
		HideSolutionNode = FALSE
	EndGlobalSection
	GlobalSection(ExtensibilityGlobals) = postSolution
		VisualSVNWorkingCopyRoot = .
		SolutionGuid = {1E801699-5666-4C73-AB06-B2DB2304BEB2}
	EndGlobalSection
EndGlobal
